
Microsoft Visual Studio Solution File, Format Version 12.00
# Visual Studio Version 17
VisualStudioVersion = 17.14.36811.4 d17.14
MinimumVisualStudioVersion = 10.0.40219.1
Project("{FAE04EC0-301F-11D3-BF4B-00C04F79EFBC}") = "Bildmanipulation", "Bildmanipulation.csproj", "{08A5D1E0-C4F3-4779-B2B6-452CC4249998}"
EndProject
Global
	GlobalSection(SolutionConfigurationPlatforms) = preSolution
		Debug|Any CPU = Debug|Any CPU
		Release|Any CPU = Release|Any CPU
	EndGlobalSection
	GlobalSection(ProjectConfigurationPlatforms) = postSolution
		{08A5D1E0-C4F3-4779-B2B6-452CC4249998}.Debug|Any CPU.ActiveCfg = Debug|Any CPU
		{08A5D1E0-C4F3-4779-B2B6-452CC4249998}.Debug|Any CPU.Build.0 = Debug|Any CPU
		{08A5D1E0-C4F3-4779-B2B6-452CC4249998}.Release|Any CPU.ActiveCfg = Release|Any CPU
		{08A5D1E0-C4F3-4779-B2B6-452CC4249998}.Release|Any CPU.Build.0 = Release|Any CPU
	EndGlobalSection
	GlobalSection(SolutionProperties) = preSolution
		HideSolutionNode = FALSE
	EndGlobalSection
	GlobalSection(ExtensibilityGlobals) = postSolution
		SolutionGuid = {F6DC3F9A-840F-4E0A-AA25-14F548155636}
	EndGlobalSection
EndGlobal
